version = 1
revision = 1
requires-python = ">=3.13"

[[package]]
name = "cffi"
version = "1.17.1"
source = { registry = "https://pypi.org/simple" }
dependencies = [
    { name = "pycparser" },
]
sdist = { url = "https://files.pythonhosted.org/packages/fc/97/c783634659c2920c3fc70419e3af40972dbaf758daa229a7d6ea6135c90d/cffi-1.17.1.tar.gz", hash = "sha256:1c39c6016c32bc48dd54561950ebd6836e1670f2ae46128f67cf49e789c52824", size = 516621 }
wheels = [
    { url = "https://files.pythonhosted.org/packages/8d/f8/dd6c246b148639254dad4d6803eb6a54e8c85c6e11ec9df2cffa87571dbe/cffi-1.17.1-cp313-cp313-macosx_10_13_x86_64.whl", hash = "sha256:f3a2b4222ce6b60e2e8b337bb9596923045681d71e5a082783484d845390938e", size = 182989 },
    { url = "https://files.pythonhosted.org/packages/8b/f1/672d303ddf17c24fc83afd712316fda78dc6fce1cd53011b839483e1ecc8/cffi-1.17.1-cp313-cp313-macosx_11_0_arm64.whl", hash = "sha256:0984a4925a435b1da406122d4d7968dd861c1385afe3b45ba82b750f229811e2", size = 178802 },
    { url = "https://files.pythonhosted.org/packages/0e/2d/eab2e858a91fdff70533cab61dcff4a1f55ec60425832ddfdc9cd36bc8af/cffi-1.17.1-cp313-cp313-manylinux_2_12_i686.manylinux2010_i686.manylinux_2_17_i686.manylinux2014_i686.whl", hash = "sha256:d01b12eeeb4427d3110de311e1774046ad344f5b1a7403101878976ecd7a10f3", size = 454792 },
    { url = "https://files.pythonhosted.org/packages/75/b2/fbaec7c4455c604e29388d55599b99ebcc250a60050610fadde58932b7ee/cffi-1.17.1-cp313-cp313-manylinux_2_17_aarch64.manylinux2014_aarch64.whl", hash = "sha256:706510fe141c86a69c8ddc029c7910003a17353970cff3b904ff0686a5927683", size = 478893 },
    { url = "https://files.pythonhosted.org/packages/4f/b7/6e4a2162178bf1935c336d4da8a9352cccab4d3a5d7914065490f08c0690/cffi-1.17.1-cp313-cp313-manylinux_2_17_ppc64le.manylinux2014_ppc64le.whl", hash = "sha256:de55b766c7aa2e2a3092c51e0483d700341182f08e67c63630d5b6f200bb28e5", size = 485810 },
    { url = "https://files.pythonhosted.org/packages/c7/8a/1d0e4a9c26e54746dc08c2c6c037889124d4f59dffd853a659fa545f1b40/cffi-1.17.1-cp313-cp313-manylinux_2_17_s390x.manylinux2014_s390x.whl", hash = "sha256:c59d6e989d07460165cc5ad3c61f9fd8f1b4796eacbd81cee78957842b834af4", size = 471200 },
    { url = "https://files.pythonhosted.org/packages/26/9f/1aab65a6c0db35f43c4d1b4f580e8df53914310afc10ae0397d29d697af4/cffi-1.17.1-cp313-cp313-manylinux_2_17_x86_64.manylinux2014_x86_64.whl", hash = "sha256:dd398dbc6773384a17fe0d3e7eeb8d1a21c2200473ee6806bb5e6a8e62bb73dd", size = 479447 },
    { url = "https://files.pythonhosted.org/packages/5f/e4/fb8b3dd8dc0e98edf1135ff067ae070bb32ef9d509d6cb0f538cd6f7483f/cffi-1.17.1-cp313-cp313-musllinux_1_1_aarch64.whl", hash = "sha256:3edc8d958eb099c634dace3c7e16560ae474aa3803a5df240542b305d14e14ed", size = 484358 },
    { url = "https://files.pythonhosted.org/packages/f1/47/d7145bf2dc04684935d57d67dff9d6d795b2ba2796806bb109864be3a151/cffi-1.17.1-cp313-cp313-musllinux_1_1_x86_64.whl", hash = "sha256:72e72408cad3d5419375fc87d289076ee319835bdfa2caad331e377589aebba9", size = 488469 },
    { url = "https://files.pythonhosted.org/packages/bf/ee/f94057fa6426481d663b88637a9a10e859e492c73d0384514a17d78ee205/cffi-1.17.1-cp313-cp313-win32.whl", hash = "sha256:e03eab0a8677fa80d646b5ddece1cbeaf556c313dcfac435ba11f107ba117b5d", size = 172475 },
    { url = "https://files.pythonhosted.org/packages/7c/fc/6a8cb64e5f0324877d503c854da15d76c1e50eb722e320b15345c4d0c6de/cffi-1.17.1-cp313-cp313-win_amd64.whl", hash = "sha256:f6a16c31041f09ead72d69f583767292f750d24913dadacf5756b966aacb3f1a", size = 182009 },
]

[[package]]
name = "ct0001-streamob"
version = "0.1.0"
source = { virtual = "." }
dependencies = [
    { name = "orjson" },
    { name = "pyzmq" },
    { name = "websockets" },
]

[package.metadata]
requires-dist = [
    { name = "orjson", specifier = ">=3.10.16" },
    { name = "pyzmq", specifier = ">=26.3.0" },
    { name = "websockets", specifier = ">=15.0.1" },
]

[[package]]
name = "orjson"
version = "3.10.16"
source = { registry = "https://pypi.org/simple" }
sdist = { url = "https://files.pythonhosted.org/packages/98/c7/03913cc4332174071950acf5b0735463e3f63760c80585ef369270c2b372/orjson-3.10.16.tar.gz", hash = "sha256:d2aaa5c495e11d17b9b93205f5fa196737ee3202f000aaebf028dc9a73750f10", size = 5410415 }
wheels = [
    { url = "https://files.pythonhosted.org/packages/87/b9/ff6aa28b8c86af9526160905593a2fe8d004ac7a5e592ee0b0ff71017511/orjson-3.10.16-cp313-cp313-macosx_10_15_x86_64.macosx_11_0_arm64.macosx_10_15_universal2.whl", hash = "sha256:148a97f7de811ba14bc6dbc4a433e0341ffd2cc285065199fb5f6a98013744bd", size = 249289 },
    { url = "https://files.pythonhosted.org/packages/6c/81/6d92a586149b52684ab8fd70f3623c91d0e6a692f30fd8c728916ab2263c/orjson-3.10.16-cp313-cp313-macosx_15_0_arm64.whl", hash = "sha256:1d960c1bf0e734ea36d0adc880076de3846aaec45ffad29b78c7f1b7962516b8", size = 133640 },
    { url = "https://files.pythonhosted.org/packages/c2/88/b72443f4793d2e16039ab85d0026677932b15ab968595fb7149750d74134/orjson-3.10.16-cp313-cp313-manylinux_2_17_aarch64.manylinux2014_aarch64.whl", hash = "sha256:a318cd184d1269f68634464b12871386808dc8b7c27de8565234d25975a7a137", size = 138286 },
    { url = "https://files.pythonhosted.org/packages/c3/3c/72a22d4b28c076c4016d5a52bd644a8e4d849d3bb0373d9e377f9e3b2250/orjson-3.10.16-cp313-cp313-manylinux_2_17_armv7l.manylinux2014_armv7l.whl", hash = "sha256:df23f8df3ef9223d1d6748bea63fca55aae7da30a875700809c500a05975522b", size = 132307 },
    { url = "https://files.pythonhosted.org/packages/8a/a2/f1259561bdb6ad7061ff1b95dab082fe32758c4bc143ba8d3d70831f0a06/orjson-3.10.16-cp313-cp313-manylinux_2_17_i686.manylinux2014_i686.whl", hash = "sha256:b94dda8dd6d1378f1037d7f3f6b21db769ef911c4567cbaa962bb6dc5021cf90", size = 136739 },
    { url = "https://files.pythonhosted.org/packages/3d/af/c7583c4b34f33d8b8b90cfaab010ff18dd64e7074cc1e117a5f1eff20dcf/orjson-3.10.16-cp313-cp313-manylinux_2_17_ppc64le.manylinux2014_ppc64le.whl", hash = "sha256:f12970a26666a8775346003fd94347d03ccb98ab8aa063036818381acf5f523e", size = 138076 },
    { url = "https://files.pythonhosted.org/packages/d7/59/d7fc7fbdd3d4a64c2eae4fc7341a5aa39cf9549bd5e2d7f6d3c07f8b715b/orjson-3.10.16-cp313-cp313-manylinux_2_17_s390x.manylinux2014_s390x.whl", hash = "sha256:15a1431a245d856bd56e4d29ea0023eb4d2c8f71efe914beb3dee8ab3f0cd7fb", size = 142643 },
    { url = "https://files.pythonhosted.org/packages/92/0e/3bd8f2197d27601f16b4464ae948826da2bcf128af31230a9dbbad7ceb57/orjson-3.10.16-cp313-cp313-manylinux_2_17_x86_64.manylinux2014_x86_64.whl", hash = "sha256:c83655cfc247f399a222567d146524674a7b217af7ef8289c0ff53cfe8db09f0", size = 133168 },
    { url = "https://files.pythonhosted.org/packages/af/a8/351fd87b664b02f899f9144d2c3dc848b33ac04a5df05234cbfb9e2a7540/orjson-3.10.16-cp313-cp313-musllinux_1_2_aarch64.whl", hash = "sha256:fa59ae64cb6ddde8f09bdbf7baf933c4cd05734ad84dcf4e43b887eb24e37652", size = 135271 },
    { url = "https://files.pythonhosted.org/packages/ba/b0/a6d42a7d412d867c60c0337d95123517dd5a9370deea705ea1be0f89389e/orjson-3.10.16-cp313-cp313-musllinux_1_2_armv7l.whl", hash = "sha256:ca5426e5aacc2e9507d341bc169d8af9c3cbe88f4cd4c1cf2f87e8564730eb56", size = 412444 },
    { url = "https://files.pythonhosted.org/packages/79/ec/7572cd4e20863f60996f3f10bc0a6da64a6fd9c35954189a914cec0b7377/orjson-3.10.16-cp313-cp313-musllinux_1_2_i686.whl", hash = "sha256:6fd5da4edf98a400946cd3a195680de56f1e7575109b9acb9493331047157430", size = 152737 },
    { url = "https://files.pythonhosted.org/packages/a9/19/ceb9e8fed5403b2e76a8ac15f581b9d25780a3be3c9b3aa54b7777a210d5/orjson-3.10.16-cp313-cp313-musllinux_1_2_x86_64.whl", hash = "sha256:980ecc7a53e567169282a5e0ff078393bac78320d44238da4e246d71a4e0e8f5", size = 137482 },
    { url = "https://files.pythonhosted.org/packages/1b/78/a78bb810f3786579dbbbd94768284cbe8f2fd65167cd7020260679665c17/orjson-3.10.16-cp313-cp313-win32.whl", hash = "sha256:28f79944dd006ac540a6465ebd5f8f45dfdf0948ff998eac7a908275b4c1add6", size = 141714 },
    { url = "https://files.pythonhosted.org/packages/81/9c/b66ce9245ff319df2c3278acd351a3f6145ef34b4a2d7f4b0f739368370f/orjson-3.10.16-cp313-cp313-win_amd64.whl", hash = "sha256:fe0a145e96d51971407cb8ba947e63ead2aa915db59d6631a355f5f2150b56b7", size = 133954 },
]

[[package]]
name = "pycparser"
version = "2.22"
source = { registry = "https://pypi.org/simple" }
sdist = { url = "https://files.pythonhosted.org/packages/1d/b2/31537cf4b1ca988837256c910a668b553fceb8f069bedc4b1c826024b52c/pycparser-2.22.tar.gz", hash = "sha256:491c8be9c040f5390f5bf44a5b07752bd07f56edf992381b05c701439eec10f6", size = 172736 }
wheels = [
    { url = "https://files.pythonhosted.org/packages/13/a3/a812df4e2dd5696d1f351d58b8fe16a405b234ad2886a0dab9183fb78109/pycparser-2.22-py3-none-any.whl", hash = "sha256:c3702b6d3dd8c7abc1afa565d7e63d53a1d0bd86cdc24edd75470f4de499cfcc", size = 117552 },
]

[[package]]
name = "pyzmq"
version = "26.3.0"
source = { registry = "https://pypi.org/simple" }
dependencies = [
    { name = "cffi", marker = "implementation_name == 'pypy'" },
]
sdist = { url = "https://files.pythonhosted.org/packages/3a/ed/c3876f3b3e8beba336214ce44e1efa1792dd537027cef24192ac2b077d7c/pyzmq-26.3.0.tar.gz", hash = "sha256:f1cd68b8236faab78138a8fc703f7ca0ad431b17a3fcac696358600d4e6243b3", size = 276733 }
wheels = [
    { url = "https://files.pythonhosted.org/packages/37/16/97b8c5107bfccb39120e611671a452c9ff6e8626fb3f8d4c15afd652b6ae/pyzmq-26.3.0-cp313-cp313-macosx_10_15_universal2.whl", hash = "sha256:fa85953df84beb7b8b73cb3ec3f5d92b62687a09a8e71525c6734e020edf56fd", size = 1345691 },
    { url = "https://files.pythonhosted.org/packages/a5/61/d5572d95040c0bb5b31eed5b23f3f0f992d94e4e0de0cea62e3c7f3a85c1/pyzmq-26.3.0-cp313-cp313-manylinux_2_17_aarch64.manylinux2014_aarch64.whl", hash = "sha256:209d09f0ab6ddbcebe64630d1e6ca940687e736f443c265ae15bc4bfad833597", size = 670622 },
    { url = "https://files.pythonhosted.org/packages/1c/0c/f0235d27388aacf4ed8bcc1d574f6f2f629da0a20610faa0a8e9d363c2b0/pyzmq-26.3.0-cp313-cp313-manylinux_2_17_i686.manylinux2014_i686.whl", hash = "sha256:d35cc1086f1d4f907df85c6cceb2245cb39a04f69c3f375993363216134d76d4", size = 908683 },
    { url = "https://files.pythonhosted.org/packages/cb/52/664828f9586c396b857eec088d208230463e3dc991a24df6adbad98fbaa3/pyzmq-26.3.0-cp313-cp313-manylinux_2_17_x86_64.manylinux2014_x86_64.whl", hash = "sha256:b380e9087078ba91e45fb18cdd0c25275ffaa045cf63c947be0ddae6186bc9d9", size = 865212 },
    { url = "https://files.pythonhosted.org/packages/2b/14/213b2967030b7d7aecc32dd453830f98799b3cbf2b10a40232e9f22a6520/pyzmq-26.3.0-cp313-cp313-manylinux_2_28_x86_64.whl", hash = "sha256:6d64e74143587efe7c9522bb74d1448128fdf9897cc9b6d8b9927490922fd558", size = 860068 },
    { url = "https://files.pythonhosted.org/packages/aa/e5/ff50c8fade69d1c0469652832c626d1910668697642c10cb0e1b6183ef9a/pyzmq-26.3.0-cp313-cp313-musllinux_1_1_aarch64.whl", hash = "sha256:efba4f53ac7752eea6d8ca38a4ddac579e6e742fba78d1e99c12c95cd2acfc64", size = 1201303 },
    { url = "https://files.pythonhosted.org/packages/9a/e2/fff5e483be95ccc11a05781323e001e63ec15daec1d0f6f08de72ca534db/pyzmq-26.3.0-cp313-cp313-musllinux_1_1_i686.whl", hash = "sha256:9b0137a1c40da3b7989839f9b78a44de642cdd1ce20dcef341de174c8d04aa53", size = 1512892 },
    { url = "https://files.pythonhosted.org/packages/21/75/cc44d276e43136e5692e487c3c019f816e11ed445261e434217c28cc98c4/pyzmq-26.3.0-cp313-cp313-musllinux_1_1_x86_64.whl", hash = "sha256:a995404bd3982c089e57b428c74edd5bfc3b0616b3dbcd6a8e270f1ee2110f36", size = 1411736 },
    { url = "https://files.pythonhosted.org/packages/ee/1c/d070cbc9a7961fe772641c51bb3798d88cb1f8e20ca718407363462624cf/pyzmq-26.3.0-cp313-cp313-win32.whl", hash = "sha256:240b1634b9e530ef6a277d95cbca1a6922f44dfddc5f0a3cd6c722a8de867f14", size = 581214 },
    { url = "https://files.pythonhosted.org/packages/38/d3/91082f1151ff5b54e0bed40eb1a26f418530ab07ecaec4dbb83e3d9fa9a9/pyzmq-26.3.0-cp313-cp313-win_amd64.whl", hash = "sha256:fe67291775ea4c2883764ba467eb389c29c308c56b86c1e19e49c9e1ed0cbeca", size = 643412 },
    { url = "https://files.pythonhosted.org/packages/e0/cf/dabe68dfdf3e67bea6152eeec4b251cf899ee5b853cfb5c97e4719f9e6e9/pyzmq-26.3.0-cp313-cp313-win_arm64.whl", hash = "sha256:73ca9ae9a9011b714cf7650450cd9c8b61a135180b708904f1f0a05004543dce", size = 557444 },
    { url = "https://files.pythonhosted.org/packages/c0/56/e7576ac71c1566da4f4ec586351462a2bb202143fb074bf56df8fe85dcc3/pyzmq-26.3.0-cp313-cp313t-macosx_10_15_universal2.whl", hash = "sha256:fea7efbd7e49af9d7e5ed6c506dfc7de3d1a628790bd3a35fd0e3c904dc7d464", size = 1340288 },
    { url = "https://files.pythonhosted.org/packages/f1/ab/0bca97e94d420b5908968bc479e51c3686a9f80d8893450eefcd673b1b1d/pyzmq-26.3.0-cp313-cp313t-manylinux_2_17_aarch64.manylinux2014_aarch64.whl", hash = "sha256:c4430c7cba23bb0e2ee203eee7851c1654167d956fc6d4b3a87909ccaf3c5825", size = 662462 },
    { url = "https://files.pythonhosted.org/packages/ee/be/99e89b55863808da322ac3ab52d8e135dcf2241094aaa468bfe2923d5194/pyzmq-26.3.0-cp313-cp313t-manylinux_2_17_i686.manylinux2014_i686.whl", hash = "sha256:016d89bee8c7d566fad75516b4e53ec7c81018c062d4c51cd061badf9539be52", size = 896464 },
    { url = "https://files.pythonhosted.org/packages/38/d4/a4be06a313c8d6a5fe1d92975db30aca85f502e867fca392532e06a28c3c/pyzmq-26.3.0-cp313-cp313t-manylinux_2_17_x86_64.manylinux2014_x86_64.whl", hash = "sha256:04bfe59852d76d56736bfd10ac1d49d421ab8ed11030b4a0332900691507f557", size = 853432 },
    { url = "https://files.pythonhosted.org/packages/12/e6/e608b4c34106bbf5b3b382662ea90a43b2e23df0aa9c1f0fd4e21168d523/pyzmq-26.3.0-cp313-cp313t-manylinux_2_28_x86_64.whl", hash = "sha256:1fe05bd0d633a0f672bb28cb8b4743358d196792e1caf04973b7898a0d70b046", size = 845884 },
    { url = "https://files.pythonhosted.org/packages/c3/a9/d5e6355308ba529d9cd3576ee8bb3b2e2b726571748f515fbb8559401f5b/pyzmq-26.3.0-cp313-cp313t-musllinux_1_1_aarch64.whl", hash = "sha256:2aa1a9f236d5b835fb8642f27de95f9edcfd276c4bc1b6ffc84f27c6fb2e2981", size = 1191454 },
    { url = "https://files.pythonhosted.org/packages/6a/9a/a21dc6c73ac242e425709c1e0049368d8f5db5de7c1102a45f93f5c492b3/pyzmq-26.3.0-cp313-cp313t-musllinux_1_1_i686.whl", hash = "sha256:21399b31753bf321043ea60c360ed5052cc7be20739785b1dff1820f819e35b3", size = 1500397 },
    { url = "https://files.pythonhosted.org/packages/87/88/0236056156da0278c9ca2e2562463643597808b5bbd6c34009ba217e7e92/pyzmq-26.3.0-cp313-cp313t-musllinux_1_1_x86_64.whl", hash = "sha256:d015efcd96aca8882057e7e6f06224f79eecd22cad193d3e6a0a91ec67590d1f", size = 1398401 },
]

[[package]]
name = "websockets"
version = "15.0.1"
source = { registry = "https://pypi.org/simple" }
sdist = { url = "https://files.pythonhosted.org/packages/21/e6/26d09fab466b7ca9c7737474c52be4f76a40301b08362eb2dbc19dcc16c1/websockets-15.0.1.tar.gz", hash = "sha256:82544de02076bafba038ce055ee6412d68da13ab47f0c60cab827346de828dee", size = 177016 }
wheels = [
    { url = "https://files.pythonhosted.org/packages/cb/9f/51f0cf64471a9d2b4d0fc6c534f323b664e7095640c34562f5182e5a7195/websockets-15.0.1-cp313-cp313-macosx_10_13_universal2.whl", hash = "sha256:ee443ef070bb3b6ed74514f5efaa37a252af57c90eb33b956d35c8e9c10a1931", size = 175440 },
    { url = "https://files.pythonhosted.org/packages/8a/05/aa116ec9943c718905997412c5989f7ed671bc0188ee2ba89520e8765d7b/websockets-15.0.1-cp313-cp313-macosx_10_13_x86_64.whl", hash = "sha256:5a939de6b7b4e18ca683218320fc67ea886038265fd1ed30173f5ce3f8e85675", size = 173098 },
    { url = "https://files.pythonhosted.org/packages/ff/0b/33cef55ff24f2d92924923c99926dcce78e7bd922d649467f0eda8368923/websockets-15.0.1-cp313-cp313-macosx_11_0_arm64.whl", hash = "sha256:746ee8dba912cd6fc889a8147168991d50ed70447bf18bcda7039f7d2e3d9151", size = 173329 },
    { url = "https://files.pythonhosted.org/packages/31/1d/063b25dcc01faa8fada1469bdf769de3768b7044eac9d41f734fd7b6ad6d/websockets-15.0.1-cp313-cp313-manylinux_2_17_aarch64.manylinux2014_aarch64.whl", hash = "sha256:595b6c3969023ecf9041b2936ac3827e4623bfa3ccf007575f04c5a6aa318c22", size = 183111 },
    { url = "https://files.pythonhosted.org/packages/93/53/9a87ee494a51bf63e4ec9241c1ccc4f7c2f45fff85d5bde2ff74fcb68b9e/websockets-15.0.1-cp313-cp313-manylinux_2_5_i686.manylinux1_i686.manylinux_2_17_i686.manylinux2014_i686.whl", hash = "sha256:3c714d2fc58b5ca3e285461a4cc0c9a66bd0e24c5da9911e30158286c9b5be7f", size = 182054 },
    { url = "https://files.pythonhosted.org/packages/ff/b2/83a6ddf56cdcbad4e3d841fcc55d6ba7d19aeb89c50f24dd7e859ec0805f/websockets-15.0.1-cp313-cp313-manylinux_2_5_x86_64.manylinux1_x86_64.manylinux_2_17_x86_64.manylinux2014_x86_64.whl", hash = "sha256:0f3c1e2ab208db911594ae5b4f79addeb3501604a165019dd221c0bdcabe4db8", size = 182496 },
    { url = "https://files.pythonhosted.org/packages/98/41/e7038944ed0abf34c45aa4635ba28136f06052e08fc2168520bb8b25149f/websockets-15.0.1-cp313-cp313-musllinux_1_2_aarch64.whl", hash = "sha256:229cf1d3ca6c1804400b0a9790dc66528e08a6a1feec0d5040e8b9eb14422375", size = 182829 },
    { url = "https://files.pythonhosted.org/packages/e0/17/de15b6158680c7623c6ef0db361da965ab25d813ae54fcfeae2e5b9ef910/websockets-15.0.1-cp313-cp313-musllinux_1_2_i686.whl", hash = "sha256:756c56e867a90fb00177d530dca4b097dd753cde348448a1012ed6c5131f8b7d", size = 182217 },
    { url = "https://files.pythonhosted.org/packages/33/2b/1f168cb6041853eef0362fb9554c3824367c5560cbdaad89ac40f8c2edfc/websockets-15.0.1-cp313-cp313-musllinux_1_2_x86_64.whl", hash = "sha256:558d023b3df0bffe50a04e710bc87742de35060580a293c2a984299ed83bc4e4", size = 182195 },
    { url = "https://files.pythonhosted.org/packages/86/eb/20b6cdf273913d0ad05a6a14aed4b9a85591c18a987a3d47f20fa13dcc47/websockets-15.0.1-cp313-cp313-win32.whl", hash = "sha256:ba9e56e8ceeeedb2e080147ba85ffcd5cd0711b89576b83784d8605a7df455fa", size = 176393 },
    { url = "https://files.pythonhosted.org/packages/1b/6c/c65773d6cab416a64d191d6ee8a8b1c68a09970ea6909d16965d26bfed1e/websockets-15.0.1-cp313-cp313-win_amd64.whl", hash = "sha256:e09473f095a819042ecb2ab9465aee615bd9c2028e4ef7d933600a8401c79561", size = 176837 },
    { url = "https://files.pythonhosted.org/packages/fa/a8/5b41e0da817d64113292ab1f8247140aac61cbf6cfd085d6a0fa77f4984f/websockets-15.0.1-py3-none-any.whl", hash = "sha256:f7a866fbc1e97b5c617ee4116daaa09b722101d4a3c170c787450ba409f9736f", size = 169743 },
]
